
Microsoft Visual Studio Solution File, Format Version 12.00
# Visual Studio Version 17
VisualStudioVersion = 17.4.33122.133
MinimumVisualStudioVersion = 10.0.40219.1
Project("{FAE04EC0-301F-11D3-BF4B-00C04F79EFBC}") = "WebApplication6", "WebApplication6\WebApplication6.csproj", "{1BB56A7B-3C9E-4C77-8449-3E8920B1429C}"
EndProject
Global
	GlobalSection(SolutionConfigurationPlatforms) = preSolution
		Debug|Any CPU = Debug|Any CPU
		Release|Any CPU = Release|Any CPU
	EndGlobalSection
	GlobalSection(ProjectConfigurationPlatforms) = postSolution
		{1BB56A7B-3C9E-4C77-8449-3E8920B1429C}.Debug|Any CPU.ActiveCfg = Debug|Any CPU
		{1BB56A7B-3C9E-4C77-8449-3E8920B1429C}.Debug|Any CPU.Build.0 = Debug|Any CPU
		{1BB56A7B-3C9E-4C77-8449-3E8920B1429C}.Release|Any CPU.ActiveCfg = Release|Any CPU
		{1BB56A7B-3C9E-4C77-8449-3E8920B1429C}.Release|Any CPU.Build.0 = Release|Any CPU
	EndGlobalSection
	GlobalSection(SolutionProperties) = preSolution
		HideSolutionNode = FALSE
	EndGlobalSection
	GlobalSection(ExtensibilityGlobals) = postSolution
		SolutionGuid = {2FE4A91A-5971-4B5D-A946-BD1D00FF5AA5}
	EndGlobalSection
EndGlobal
